<?xml version="1.0" encoding="utf-8"?>
<Project ToolsVersion="4.0" xmlns="http://schemas.microsoft.com/developer/msbuild/2003">
  <ItemGroup>
    <Filter Include="Testing">
      <UniqueIdentifier>{8a4ba5c0-c7d3-413a-b559-1153a360bdf8}</UniqueIdentifier>
    </Filter>
    <Filter Include="Modules">
      <UniqueIdentifier>{4FC737F1-C7A5-4376-A066-2A32D752A2FF}</UniqueIdentifier>
      <Extensions>cpp;c;cc;cxx;c++;cppm;ixx;def;odl;idl;hpj;bat;asm;asmx</Extensions>
    </Filter>
    <Filter Include="Modules\fmtlib">
      <UniqueIdentifier>{4fdb1a70-3fb0-4f7e-a063-d441a33e2a8c}</UniqueIdentifier>
    </Filter>
  </ItemGroup>
  <ItemGroup>
    <ClCompile Include="..\Style.ixx">
      <Filter>Modules</Filter>
    </ClCompile>
    <ClCompile Include="..\UtlCommandLine.cpp">
      <Filter>Modules</Filter>
    </ClCompile>
    <ClCompile Include="..\UtlCommandLine.ixx">
      <Filter>Modules</Filter>
    </ClCompile>
    <ClCompile Include="..\Precompiled.cpp">
      <Filter>Modules</Filter>
    </ClCompile>
    <ClCompile Include="UnitTest_UtlCmdLine.cpp">
      <Filter>Testing</Filter>
    </ClCompile>
    <ClCompile Include="..\..\fmt\src\format.cc">
      <Filter>Modules\fmtlib</Filter>
    </ClCompile>
    <ClCompile Include="..\..\fmt\src\os.cc">
      <Filter>Modules\fmtlib</Filter>
    </ClCompile>
  </ItemGroup>
  <ItemGroup>
    <ClInclude Include="..\Style.hpp">
      <Filter>Modules</Filter>
    </ClInclude>
    <ClInclude Include="..\Precompiled.hpp">
      <Filter>Modules</Filter>
    </ClInclude>
  </ItemGroup>
</Project>